
Microsoft Visual Studio Solution File, Format Version 12.00
# Visual Studio Version 17
VisualStudioVersion = 17.9.34728.123
MinimumVisualStudioVersion = 10.0.40219.1
Project("{9A19103F-16F7-4668-BE54-9A1E7A4F7556}") = "TalentoTrack_API", "TalentoTrack_API\TalentoTrack_API.csproj", "{1598A8D0-0062-45E7-9AA2-3F0643E75E86}"
EndProject
Project("{FAE04EC0-301F-11D3-BF4B-00C04F79EFBC}") = "TalentoTrack.Common", "TalentoTrack.Common\TalentoTrack.Common.csproj", "{168C02BE-9670-454C-909A-7337034BF2C2}"
EndProject
Project("{FAE04EC0-301F-11D3-BF4B-00C04F79EFBC}") = "TalentoTrack.Dao", "TalentoTrack.Dao\TalentoTrack.Dao.csproj", "{21C11F4F-40EB-4277-9D22-EC3220B51663}"
EndProject
Project("{FAE04EC0-301F-11D3-BF4B-00C04F79EFBC}") = "TalentoTrack.Service", "TalentoTrack.Service\TalentoTrack.Service.csproj", "{D471BD76-AF79-4826-91BF-E8BC4B0F2A90}"
EndProject
Global
	GlobalSection(SolutionConfigurationPlatforms) = preSolution
		Debug|Any CPU = Debug|Any CPU
		Release|Any CPU = Release|Any CPU
	EndGlobalSection
	GlobalSection(ProjectConfigurationPlatforms) = postSolution
		{1598A8D0-0062-45E7-9AA2-3F0643E75E86}.Debug|Any CPU.ActiveCfg = Debug|Any CPU
		{1598A8D0-0062-45E7-9AA2-3F0643E75E86}.Debug|Any CPU.Build.0 = Debug|Any CPU
		{1598A8D0-0062-45E7-9AA2-3F0643E75E86}.Release|Any CPU.ActiveCfg = Release|Any CPU
		{1598A8D0-0062-45E7-9AA2-3F0643E75E86}.Release|Any CPU.Build.0 = Release|Any CPU
		{168C02BE-9670-454C-909A-7337034BF2C2}.Debug|Any CPU.ActiveCfg = Debug|Any CPU
		{168C02BE-9670-454C-909A-7337034BF2C2}.Debug|Any CPU.Build.0 = Debug|Any CPU
		{168C02BE-9670-454C-909A-7337034BF2C2}.Release|Any CPU.ActiveCfg = Release|Any CPU
		{168C02BE-9670-454C-909A-7337034BF2C2}.Release|Any CPU.Build.0 = Release|Any CPU
		{21C11F4F-40EB-4277-9D22-EC3220B51663}.Debug|Any CPU.ActiveCfg = Debug|Any CPU
		{21C11F4F-40EB-4277-9D22-EC3220B51663}.Debug|Any CPU.Build.0 = Debug|Any CPU
		{21C11F4F-40EB-4277-9D22-EC3220B51663}.Release|Any CPU.ActiveCfg = Release|Any CPU
		{21C11F4F-40EB-4277-9D22-EC3220B51663}.Release|Any CPU.Build.0 = Release|Any CPU
		{D471BD76-AF79-4826-91BF-E8BC4B0F2A90}.Debug|Any CPU.ActiveCfg = Debug|Any CPU
		{D471BD76-AF79-4826-91BF-E8BC4B0F2A90}.Debug|Any CPU.Build.0 = Debug|Any CPU
		{D471BD76-AF79-4826-91BF-E8BC4B0F2A90}.Release|Any CPU.ActiveCfg = Release|Any CPU
		{D471BD76-AF79-4826-91BF-E8BC4B0F2A90}.Release|Any CPU.Build.0 = Release|Any CPU
	EndGlobalSection
	GlobalSection(SolutionProperties) = preSolution
		HideSolutionNode = FALSE
	EndGlobalSection
	GlobalSection(ExtensibilityGlobals) = postSolution
		SolutionGuid = {FC2E0E22-7A32-4CE4-B7FB-505C2D313E5C}
	EndGlobalSection
EndGlobal
